
Microsoft Visual Studio Solution File, Format Version 12.00
Project("{2150E333-8FDC-42A3-9474-1A3956D46DE8}") = "(Solution Items)", "(Solution Items)", "{2C797D14-0818-4DA2-9A25-22876B790CC2}"
ProjectSection(SolutionItems) = preProject
	Shared.props = Shared.props
	README.md = README.md
	.gitignore = .gitignore
	LICENSE.md = LICENSE.md
	Tests.props = Tests.props
	nuget.config = nuget.config
EndProjectSection
EndProject
Project("{2150E333-8FDC-42A3-9474-1A3956D46DE8}") = "Shared Code", "Shared Code", "{2E960A52-CEA1-4F1B-8059-64EA1FAE11A8}"
ProjectSection(SolutionItems) = preProject
	src\JetBrainsAnnotations.cs = src\JetBrainsAnnotations.cs
	src\SharedPreconditions.cs = src\SharedPreconditions.cs
	tests\SharedTestCase.cs = tests\SharedTestCase.cs
EndProjectSection
EndProject
Project("{2150E333-8FDC-42A3-9474-1A3956D46DE8}") = "Examples", "Examples", "{17937E10-36A8-443E-BE71-D0083863D446}"
EndProject
Project("{2150E333-8FDC-42A3-9474-1A3956D46DE8}") = "Tests", "Tests", "{043A47DD-CC4B-4A63-AE60-1354AE2D4B6A}"
EndProject
Project("{FAE04EC0-301F-11D3-BF4B-00C04F79EFBC}") = "Amazon.Emulators.S3", "src\Amazon.Emulators.S3\Amazon.Emulators.S3.csproj", "{161FAD9F-A47A-4518-9C03-BE0C69F99AE8}"
EndProject
Project("{FAE04EC0-301F-11D3-BF4B-00C04F79EFBC}") = "Amazon.Emulators", "src\Amazon.Emulators\Amazon.Emulators.csproj", "{467144FF-B771-4ADD-8305-F8774D0D91E6}"
EndProject
Project("{FAE04EC0-301F-11D3-BF4B-00C04F79EFBC}") = "Amazon.Emulators.SQS", "src\Amazon.Emulators.SQS\Amazon.Emulators.SQS.csproj", "{F84C158D-9D43-40A9-84D8-5ABD93A3AA67}"
EndProject
Project("{FAE04EC0-301F-11D3-BF4B-00C04F79EFBC}") = "Amazon.Emulators.Example", "examples\Amazon.Emulators.Example\Amazon.Emulators.Example.csproj", "{710D45E0-DC86-4D3C-9BA8-88059BFF2AEA}"
EndProject
Project("{FAE04EC0-301F-11D3-BF4B-00C04F79EFBC}") = "Amazon.Emulators.SNS", "src\Amazon.Emulators.SNS\Amazon.Emulators.SNS.csproj", "{717338F8-E7BE-491E-88CC-75E8D65C6C84}"
EndProject
Project("{FAE04EC0-301F-11D3-BF4B-00C04F79EFBC}") = "Amazon.Emulators.SQS.Tests", "tests\Amazon.Emulators.SQS.Tests\Amazon.Emulators.SQS.Tests.csproj", "{D4097A5C-3350-4193-82DC-9ADFB7B9EEFB}"
EndProject
Project("{FAE04EC0-301F-11D3-BF4B-00C04F79EFBC}") = "Amazon.Emulators.Lambda", "src\Amazon.Emulators.Lambda\Amazon.Emulators.Lambda.csproj", "{FF8AC7B0-291A-463A-909F-11CC3BDBA281}"
EndProject
Project("{FAE04EC0-301F-11D3-BF4B-00C04F79EFBC}") = "Amazon.Emulators.StepFunctions", "src\Amazon.Emulators.StepFunctions\Amazon.Emulators.StepFunctions.csproj", "{8953F216-A3E9-4F4A-A50D-3DC4CF882B47}"
EndProject
Project("{FAE04EC0-301F-11D3-BF4B-00C04F79EFBC}") = "Amazon.Emulators.Lambda.Tests", "tests\Amazon.Emulators.Lambda.Tests\Amazon.Emulators.Lambda.Tests.csproj", "{F003658E-4C0D-4507-968A-107EB466BC93}"
EndProject
Project("{FAE04EC0-301F-11D3-BF4B-00C04F79EFBC}") = "Amazon.Emulators.StepFunctions.Tests", "tests\Amazon.Emulators.StepFunctions.Tests\Amazon.Emulators.StepFunctions.Tests.csproj", "{A7C93BD6-1CC4-4B14-99DB-E9F662976873}"
EndProject
Global
	GlobalSection(SolutionConfigurationPlatforms) = preSolution
		Debug|Any CPU = Debug|Any CPU
		Release|Any CPU = Release|Any CPU
	EndGlobalSection
	GlobalSection(NestedProjects) = preSolution
		{2E960A52-CEA1-4F1B-8059-64EA1FAE11A8} = {2C797D14-0818-4DA2-9A25-22876B790CC2}
		{710D45E0-DC86-4D3C-9BA8-88059BFF2AEA} = {17937E10-36A8-443E-BE71-D0083863D446}
		{D4097A5C-3350-4193-82DC-9ADFB7B9EEFB} = {043A47DD-CC4B-4A63-AE60-1354AE2D4B6A}
		{F003658E-4C0D-4507-968A-107EB466BC93} = {043A47DD-CC4B-4A63-AE60-1354AE2D4B6A}
		{A7C93BD6-1CC4-4B14-99DB-E9F662976873} = {043A47DD-CC4B-4A63-AE60-1354AE2D4B6A}
	EndGlobalSection
	GlobalSection(ProjectConfigurationPlatforms) = postSolution
		{161FAD9F-A47A-4518-9C03-BE0C69F99AE8}.Debug|Any CPU.ActiveCfg = Debug|Any CPU
		{161FAD9F-A47A-4518-9C03-BE0C69F99AE8}.Debug|Any CPU.Build.0 = Debug|Any CPU
		{161FAD9F-A47A-4518-9C03-BE0C69F99AE8}.Release|Any CPU.ActiveCfg = Release|Any CPU
		{161FAD9F-A47A-4518-9C03-BE0C69F99AE8}.Release|Any CPU.Build.0 = Release|Any CPU
		{467144FF-B771-4ADD-8305-F8774D0D91E6}.Debug|Any CPU.ActiveCfg = Debug|Any CPU
		{467144FF-B771-4ADD-8305-F8774D0D91E6}.Debug|Any CPU.Build.0 = Debug|Any CPU
		{467144FF-B771-4ADD-8305-F8774D0D91E6}.Release|Any CPU.ActiveCfg = Release|Any CPU
		{467144FF-B771-4ADD-8305-F8774D0D91E6}.Release|Any CPU.Build.0 = Release|Any CPU
		{F84C158D-9D43-40A9-84D8-5ABD93A3AA67}.Debug|Any CPU.ActiveCfg = Debug|Any CPU
		{F84C158D-9D43-40A9-84D8-5ABD93A3AA67}.Debug|Any CPU.Build.0 = Debug|Any CPU
		{F84C158D-9D43-40A9-84D8-5ABD93A3AA67}.Release|Any CPU.ActiveCfg = Release|Any CPU
		{F84C158D-9D43-40A9-84D8-5ABD93A3AA67}.Release|Any CPU.Build.0 = Release|Any CPU
		{710D45E0-DC86-4D3C-9BA8-88059BFF2AEA}.Debug|Any CPU.ActiveCfg = Debug|Any CPU
		{710D45E0-DC86-4D3C-9BA8-88059BFF2AEA}.Debug|Any CPU.Build.0 = Debug|Any CPU
		{710D45E0-DC86-4D3C-9BA8-88059BFF2AEA}.Release|Any CPU.ActiveCfg = Release|Any CPU
		{710D45E0-DC86-4D3C-9BA8-88059BFF2AEA}.Release|Any CPU.Build.0 = Release|Any CPU
		{717338F8-E7BE-491E-88CC-75E8D65C6C84}.Debug|Any CPU.ActiveCfg = Debug|Any CPU
		{717338F8-E7BE-491E-88CC-75E8D65C6C84}.Debug|Any CPU.Build.0 = Debug|Any CPU
		{717338F8-E7BE-491E-88CC-75E8D65C6C84}.Release|Any CPU.ActiveCfg = Release|Any CPU
		{717338F8-E7BE-491E-88CC-75E8D65C6C84}.Release|Any CPU.Build.0 = Release|Any CPU
		{D4097A5C-3350-4193-82DC-9ADFB7B9EEFB}.Debug|Any CPU.ActiveCfg = Debug|Any CPU
		{D4097A5C-3350-4193-82DC-9ADFB7B9EEFB}.Debug|Any CPU.Build.0 = Debug|Any CPU
		{D4097A5C-3350-4193-82DC-9ADFB7B9EEFB}.Release|Any CPU.ActiveCfg = Release|Any CPU
		{D4097A5C-3350-4193-82DC-9ADFB7B9EEFB}.Release|Any CPU.Build.0 = Release|Any CPU
		{FF8AC7B0-291A-463A-909F-11CC3BDBA281}.Debug|Any CPU.ActiveCfg = Debug|Any CPU
		{FF8AC7B0-291A-463A-909F-11CC3BDBA281}.Debug|Any CPU.Build.0 = Debug|Any CPU
		{FF8AC7B0-291A-463A-909F-11CC3BDBA281}.Release|Any CPU.ActiveCfg = Release|Any CPU
		{FF8AC7B0-291A-463A-909F-11CC3BDBA281}.Release|Any CPU.Build.0 = Release|Any CPU
		{8953F216-A3E9-4F4A-A50D-3DC4CF882B47}.Debug|Any CPU.ActiveCfg = Debug|Any CPU
		{8953F216-A3E9-4F4A-A50D-3DC4CF882B47}.Debug|Any CPU.Build.0 = Debug|Any CPU
		{8953F216-A3E9-4F4A-A50D-3DC4CF882B47}.Release|Any CPU.ActiveCfg = Release|Any CPU
		{8953F216-A3E9-4F4A-A50D-3DC4CF882B47}.Release|Any CPU.Build.0 = Release|Any CPU
		{F003658E-4C0D-4507-968A-107EB466BC93}.Debug|Any CPU.ActiveCfg = Debug|Any CPU
		{F003658E-4C0D-4507-968A-107EB466BC93}.Debug|Any CPU.Build.0 = Debug|Any CPU
		{F003658E-4C0D-4507-968A-107EB466BC93}.Release|Any CPU.ActiveCfg = Release|Any CPU
		{F003658E-4C0D-4507-968A-107EB466BC93}.Release|Any CPU.Build.0 = Release|Any CPU
		{A7C93BD6-1CC4-4B14-99DB-E9F662976873}.Debug|Any CPU.ActiveCfg = Debug|Any CPU
		{A7C93BD6-1CC4-4B14-99DB-E9F662976873}.Debug|Any CPU.Build.0 = Debug|Any CPU
		{A7C93BD6-1CC4-4B14-99DB-E9F662976873}.Release|Any CPU.ActiveCfg = Release|Any CPU
		{A7C93BD6-1CC4-4B14-99DB-E9F662976873}.Release|Any CPU.Build.0 = Release|Any CPU
	EndGlobalSection
EndGlobal
